
Microsoft Visual Studio Solution File, Format Version 11.00
# Visual Studio 2010
Project("{FAE04EC0-301F-11D3-BF4B-00C04F79EFBC}") = "Edit5", "Edit5\Edit5.csproj", "{5623F838-EEB0-4D3E-98A5-4CD9FF3CD18D}"
EndProject
Project("{2150E333-8FDC-42A3-9474-1A3956D46DE8}") = "Solution Items", "Solution Items", "{5826EC8D-4462-4311-A7EF-40EE9D2904CE}"
	ProjectSection(SolutionItems) = preProject
		Edit5.vsmdi = Edit5.vsmdi
		Local.testsettings = Local.testsettings
		README.md = README.md
		TraceAndTestImpact.testsettings = TraceAndTestImpact.testsettings
	EndProjectSection
EndProject
Project("{FAE04EC0-301F-11D3-BF4B-00C04F79EFBC}") = "Edit5.Core", "Edit5.Core\Edit5.Core.csproj", "{2B00C9EA-57F0-4A74-BB1C-33E685425363}"
EndProject
Project("{FAE04EC0-301F-11D3-BF4B-00C04F79EFBC}") = "Edit5.Tests", "Edit5.Tests\Edit5.Tests.csproj", "{384DEE5C-474F-4078-B01E-03D7D8567D2A}"
EndProject
Project("{2150E333-8FDC-42A3-9474-1A3956D46DE8}") = "Libraries", "Libraries", "{8B0B5A52-1AC7-4D72-8A2D-99415D55DE87}"
EndProject
Project("{FAE04EC0-301F-11D3-BF4B-00C04F79EFBC}") = "AvalonDock", "Libraries\AvalonDock\AvalonDock\AvalonDock.csproj", "{87E61430-4243-45F2-B74E-0A4C096CEBF3}"
EndProject
Project("{FAE04EC0-301F-11D3-BF4B-00C04F79EFBC}") = "AvalonDock.Themes", "Libraries\AvalonDock\AvalonDock.Themes\AvalonDock.Themes.csproj", "{3836F4A8-4B35-4F5E-BB0F-DAD374297525}"
EndProject
Global
	GlobalSection(TestCaseManagementSettings) = postSolution
		CategoryFile = Edit5.vsmdi
	EndGlobalSection
	GlobalSection(SolutionConfigurationPlatforms) = preSolution
		Debug|Any CPU = Debug|Any CPU
		Debug|Mixed Platforms = Debug|Mixed Platforms
		Debug|x86 = Debug|x86
		Release|Any CPU = Release|Any CPU
		Release|Mixed Platforms = Release|Mixed Platforms
		Release|x86 = Release|x86
	EndGlobalSection
	GlobalSection(ProjectConfigurationPlatforms) = postSolution
		{5623F838-EEB0-4D3E-98A5-4CD9FF3CD18D}.Debug|Any CPU.ActiveCfg = Debug|x86
		{5623F838-EEB0-4D3E-98A5-4CD9FF3CD18D}.Debug|Mixed Platforms.ActiveCfg = Debug|x86
		{5623F838-EEB0-4D3E-98A5-4CD9FF3CD18D}.Debug|Mixed Platforms.Build.0 = Debug|x86
		{5623F838-EEB0-4D3E-98A5-4CD9FF3CD18D}.Debug|x86.ActiveCfg = Debug|x86
		{5623F838-EEB0-4D3E-98A5-4CD9FF3CD18D}.Debug|x86.Build.0 = Debug|x86
		{5623F838-EEB0-4D3E-98A5-4CD9FF3CD18D}.Release|Any CPU.ActiveCfg = Release|x86
		{5623F838-EEB0-4D3E-98A5-4CD9FF3CD18D}.Release|Mixed Platforms.ActiveCfg = Release|x86
		{5623F838-EEB0-4D3E-98A5-4CD9FF3CD18D}.Release|Mixed Platforms.Build.0 = Release|x86
		{5623F838-EEB0-4D3E-98A5-4CD9FF3CD18D}.Release|x86.ActiveCfg = Release|x86
		{5623F838-EEB0-4D3E-98A5-4CD9FF3CD18D}.Release|x86.Build.0 = Release|x86
		{2B00C9EA-57F0-4A74-BB1C-33E685425363}.Debug|Any CPU.ActiveCfg = Debug|Any CPU
		{2B00C9EA-57F0-4A74-BB1C-33E685425363}.Debug|Any CPU.Build.0 = Debug|Any CPU
		{2B00C9EA-57F0-4A74-BB1C-33E685425363}.Debug|Mixed Platforms.ActiveCfg = Debug|Any CPU
		{2B00C9EA-57F0-4A74-BB1C-33E685425363}.Debug|Mixed Platforms.Build.0 = Debug|Any CPU
		{2B00C9EA-57F0-4A74-BB1C-33E685425363}.Debug|x86.ActiveCfg = Debug|Any CPU
		{2B00C9EA-57F0-4A74-BB1C-33E685425363}.Release|Any CPU.ActiveCfg = Release|Any CPU
		{2B00C9EA-57F0-4A74-BB1C-33E685425363}.Release|Any CPU.Build.0 = Release|Any CPU
		{2B00C9EA-57F0-4A74-BB1C-33E685425363}.Release|Mixed Platforms.ActiveCfg = Release|Any CPU
		{2B00C9EA-57F0-4A74-BB1C-33E685425363}.Release|Mixed Platforms.Build.0 = Release|Any CPU
		{2B00C9EA-57F0-4A74-BB1C-33E685425363}.Release|x86.ActiveCfg = Release|Any CPU
		{384DEE5C-474F-4078-B01E-03D7D8567D2A}.Debug|Any CPU.ActiveCfg = Debug|Any CPU
		{384DEE5C-474F-4078-B01E-03D7D8567D2A}.Debug|Any CPU.Build.0 = Debug|Any CPU
		{384DEE5C-474F-4078-B01E-03D7D8567D2A}.Debug|Mixed Platforms.ActiveCfg = Debug|Any CPU
		{384DEE5C-474F-4078-B01E-03D7D8567D2A}.Debug|Mixed Platforms.Build.0 = Debug|Any CPU
		{384DEE5C-474F-4078-B01E-03D7D8567D2A}.Debug|x86.ActiveCfg = Debug|Any CPU
		{384DEE5C-474F-4078-B01E-03D7D8567D2A}.Release|Any CPU.ActiveCfg = Release|Any CPU
		{384DEE5C-474F-4078-B01E-03D7D8567D2A}.Release|Any CPU.Build.0 = Release|Any CPU
		{384DEE5C-474F-4078-B01E-03D7D8567D2A}.Release|Mixed Platforms.ActiveCfg = Release|Any CPU
		{384DEE5C-474F-4078-B01E-03D7D8567D2A}.Release|Mixed Platforms.Build.0 = Release|Any CPU
		{384DEE5C-474F-4078-B01E-03D7D8567D2A}.Release|x86.ActiveCfg = Release|Any CPU
		{87E61430-4243-45F2-B74E-0A4C096CEBF3}.Debug|Any CPU.ActiveCfg = Debug|Any CPU
		{87E61430-4243-45F2-B74E-0A4C096CEBF3}.Debug|Any CPU.Build.0 = Debug|Any CPU
		{87E61430-4243-45F2-B74E-0A4C096CEBF3}.Debug|Mixed Platforms.ActiveCfg = Debug|Any CPU
		{87E61430-4243-45F2-B74E-0A4C096CEBF3}.Debug|Mixed Platforms.Build.0 = Debug|Any CPU
		{87E61430-4243-45F2-B74E-0A4C096CEBF3}.Debug|x86.ActiveCfg = Debug|Any CPU
		{87E61430-4243-45F2-B74E-0A4C096CEBF3}.Release|Any CPU.ActiveCfg = Release|Any CPU
		{87E61430-4243-45F2-B74E-0A4C096CEBF3}.Release|Any CPU.Build.0 = Release|Any CPU
		{87E61430-4243-45F2-B74E-0A4C096CEBF3}.Release|Mixed Platforms.ActiveCfg = Release|Any CPU
		{87E61430-4243-45F2-B74E-0A4C096CEBF3}.Release|Mixed Platforms.Build.0 = Release|Any CPU
		{87E61430-4243-45F2-B74E-0A4C096CEBF3}.Release|x86.ActiveCfg = Release|Any CPU
		{3836F4A8-4B35-4F5E-BB0F-DAD374297525}.Debug|Any CPU.ActiveCfg = Debug|Any CPU
		{3836F4A8-4B35-4F5E-BB0F-DAD374297525}.Debug|Any CPU.Build.0 = Debug|Any CPU
		{3836F4A8-4B35-4F5E-BB0F-DAD374297525}.Debug|Mixed Platforms.ActiveCfg = Debug|Any CPU
		{3836F4A8-4B35-4F5E-BB0F-DAD374297525}.Debug|Mixed Platforms.Build.0 = Debug|Any CPU
		{3836F4A8-4B35-4F5E-BB0F-DAD374297525}.Debug|x86.ActiveCfg = Debug|Any CPU
		{3836F4A8-4B35-4F5E-BB0F-DAD374297525}.Release|Any CPU.ActiveCfg = Release|Any CPU
		{3836F4A8-4B35-4F5E-BB0F-DAD374297525}.Release|Any CPU.Build.0 = Release|Any CPU
		{3836F4A8-4B35-4F5E-BB0F-DAD374297525}.Release|Mixed Platforms.ActiveCfg = Release|Any CPU
		{3836F4A8-4B35-4F5E-BB0F-DAD374297525}.Release|Mixed Platforms.Build.0 = Release|Any CPU
		{3836F4A8-4B35-4F5E-BB0F-DAD374297525}.Release|x86.ActiveCfg = Release|Any CPU
	EndGlobalSection
	GlobalSection(SolutionProperties) = preSolution
		HideSolutionNode = FALSE
	EndGlobalSection
	GlobalSection(NestedProjects) = preSolution
		{87E61430-4243-45F2-B74E-0A4C096CEBF3} = {8B0B5A52-1AC7-4D72-8A2D-99415D55DE87}
		{3836F4A8-4B35-4F5E-BB0F-DAD374297525} = {8B0B5A52-1AC7-4D72-8A2D-99415D55DE87}
	EndGlobalSection
	GlobalSection(ExtensibilityGlobals) = postSolution
		EnterpriseLibraryConfigurationToolBinariesPath = packages\Unity.2.1.505.0\lib\NET35
	EndGlobalSection
EndGlobal
